
Microsoft Visual Studio Solution File, Format Version 12.00
# Visual Studio Version 17
VisualStudioVersion = 17.5.33414.496
MinimumVisualStudioVersion = 10.0.40219.1
Project("{FAE04EC0-301F-11D3-BF4B-00C04F79EFBC}") = "AwesomeDevEvents", "AwesomeDevEvents\AwesomeDevEvents.csproj", "{FD69C7F0-975F-4698-9F42-BF87276CA691}"
EndProject
Global
	GlobalSection(SolutionConfigurationPlatforms) = preSolution
		Debug|Any CPU = Debug|Any CPU
		Release|Any CPU = Release|Any CPU
	EndGlobalSection
	GlobalSection(ProjectConfigurationPlatforms) = postSolution
		{FD69C7F0-975F-4698-9F42-BF87276CA691}.Debug|Any CPU.ActiveCfg = Debug|Any CPU
		{FD69C7F0-975F-4698-9F42-BF87276CA691}.Debug|Any CPU.Build.0 = Debug|Any CPU
		{FD69C7F0-975F-4698-9F42-BF87276CA691}.Release|Any CPU.ActiveCfg = Release|Any CPU
		{FD69C7F0-975F-4698-9F42-BF87276CA691}.Release|Any CPU.Build.0 = Release|Any CPU
	EndGlobalSection
	GlobalSection(SolutionProperties) = preSolution
		HideSolutionNode = FALSE
	EndGlobalSection
	GlobalSection(ExtensibilityGlobals) = postSolution
		SolutionGuid = {2D606AB2-CF02-444E-8367-BDEB3F3A8F79}
	EndGlobalSection
EndGlobal
